
Microsoft Visual Studio Solution File, Format Version 12.00
# Visual Studio Version 17
VisualStudioVersion = 17.4.33122.133
MinimumVisualStudioVersion = 10.0.40219.1
Project("{FAE04EC0-301F-11D3-BF4B-00C04F79EFBC}") = "Task_1", "Lab_06\Task_1.csproj", "{1836DC75-0F10-4B81-9DB2-32392EE6E401}"
EndProject
Project("{FAE04EC0-301F-11D3-BF4B-00C04F79EFBC}") = "Task_2", "Task_2\Task_2.csproj", "{01B7E539-8924-45B2-A48D-8DB745F57712}"
EndProject
Project("{FAE04EC0-301F-11D3-BF4B-00C04F79EFBC}") = "Task_3", "Task_3\Task_3.csproj", "{91FAE7DA-C382-4BE6-A5A0-A23294283FCF}"
EndProject
Global
	GlobalSection(SolutionConfigurationPlatforms) = preSolution
		Debug|Any CPU = Debug|Any CPU
		Release|Any CPU = Release|Any CPU
	EndGlobalSection
	GlobalSection(ProjectConfigurationPlatforms) = postSolution
		{1836DC75-0F10-4B81-9DB2-32392EE6E401}.Debug|Any CPU.ActiveCfg = Debug|Any CPU
		{1836DC75-0F10-4B81-9DB2-32392EE6E401}.Debug|Any CPU.Build.0 = Debug|Any CPU
		{1836DC75-0F10-4B81-9DB2-32392EE6E401}.Release|Any CPU.ActiveCfg = Release|Any CPU
		{1836DC75-0F10-4B81-9DB2-32392EE6E401}.Release|Any CPU.Build.0 = Release|Any CPU
		{01B7E539-8924-45B2-A48D-8DB745F57712}.Debug|Any CPU.ActiveCfg = Debug|Any CPU
		{01B7E539-8924-45B2-A48D-8DB745F57712}.Debug|Any CPU.Build.0 = Debug|Any CPU
		{01B7E539-8924-45B2-A48D-8DB745F57712}.Release|Any CPU.ActiveCfg = Release|Any CPU
		{01B7E539-8924-45B2-A48D-8DB745F57712}.Release|Any CPU.Build.0 = Release|Any CPU
		{91FAE7DA-C382-4BE6-A5A0-A23294283FCF}.Debug|Any CPU.ActiveCfg = Debug|Any CPU
		{91FAE7DA-C382-4BE6-A5A0-A23294283FCF}.Debug|Any CPU.Build.0 = Debug|Any CPU
		{91FAE7DA-C382-4BE6-A5A0-A23294283FCF}.Release|Any CPU.ActiveCfg = Release|Any CPU
		{91FAE7DA-C382-4BE6-A5A0-A23294283FCF}.Release|Any CPU.Build.0 = Release|Any CPU
	EndGlobalSection
	GlobalSection(SolutionProperties) = preSolution
		HideSolutionNode = FALSE
	EndGlobalSection
	GlobalSection(ExtensibilityGlobals) = postSolution
		SolutionGuid = {AB167344-2EFE-4816-B7D8-C096BAC0A096}
	EndGlobalSection
EndGlobal
